
Microsoft Visual Studio Solution File, Format Version 12.00
# Visual Studio Version 17
VisualStudioVersion = 17.13.35931.197
MinimumVisualStudioVersion = 10.0.40219.1
Project("{8BC9CEB8-8B4A-11D0-8D11-00A0C91BC942}") = "AutoAndRangeBasedLoops", "HomeWorks.vcxproj", "{DADD467B-88DD-4A2B-A63E-84A78CFAFD40}"
EndProject
Project("{8BC9CEB8-8B4A-11D0-8D11-00A0C91BC942}") = "MoveAndLambda", "..\MoveAndLambda\MoveAndLambda.vcxproj", "{CC832329-6547-415D-B816-C06D766292B3}"
EndProject
Project("{8BC9CEB8-8B4A-11D0-8D11-00A0C91BC942}") = "RAIIAndSmartPointers", "..\RAIIAndSmartPointers\RAIIAndSmartPointers.vcxproj", "{E472C5B3-8EC3-462F-B53B-DAC6E44143CC}"
EndProject
Global
	GlobalSection(SolutionConfigurationPlatforms) = preSolution
		Debug|x64 = Debug|x64
		Debug|x86 = Debug|x86
		Release|x64 = Release|x64
		Release|x86 = Release|x86
	EndGlobalSection
	GlobalSection(ProjectConfigurationPlatforms) = postSolution
		{DADD467B-88DD-4A2B-A63E-84A78CFAFD40}.Debug|x64.ActiveCfg = Debug|x64
		{DADD467B-88DD-4A2B-A63E-84A78CFAFD40}.Debug|x64.Build.0 = Debug|x64
		{DADD467B-88DD-4A2B-A63E-84A78CFAFD40}.Debug|x86.ActiveCfg = Debug|Win32
		{DADD467B-88DD-4A2B-A63E-84A78CFAFD40}.Debug|x86.Build.0 = Debug|Win32
		{DADD467B-88DD-4A2B-A63E-84A78CFAFD40}.Release|x64.ActiveCfg = Release|x64
		{DADD467B-88DD-4A2B-A63E-84A78CFAFD40}.Release|x64.Build.0 = Release|x64
		{DADD467B-88DD-4A2B-A63E-84A78CFAFD40}.Release|x86.ActiveCfg = Release|Win32
		{DADD467B-88DD-4A2B-A63E-84A78CFAFD40}.Release|x86.Build.0 = Release|Win32
		{CC832329-6547-415D-B816-C06D766292B3}.Debug|x64.ActiveCfg = Debug|x64
		{CC832329-6547-415D-B816-C06D766292B3}.Debug|x64.Build.0 = Debug|x64
		{CC832329-6547-415D-B816-C06D766292B3}.Debug|x86.ActiveCfg = Debug|Win32
		{CC832329-6547-415D-B816-C06D766292B3}.Debug|x86.Build.0 = Debug|Win32
		{CC832329-6547-415D-B816-C06D766292B3}.Release|x64.ActiveCfg = Release|x64
		{CC832329-6547-415D-B816-C06D766292B3}.Release|x64.Build.0 = Release|x64
		{CC832329-6547-415D-B816-C06D766292B3}.Release|x86.ActiveCfg = Release|Win32
		{CC832329-6547-415D-B816-C06D766292B3}.Release|x86.Build.0 = Release|Win32
		{E472C5B3-8EC3-462F-B53B-DAC6E44143CC}.Debug|x64.ActiveCfg = Debug|x64
		{E472C5B3-8EC3-462F-B53B-DAC6E44143CC}.Debug|x64.Build.0 = Debug|x64
		{E472C5B3-8EC3-462F-B53B-DAC6E44143CC}.Debug|x86.ActiveCfg = Debug|Win32
		{E472C5B3-8EC3-462F-B53B-DAC6E44143CC}.Debug|x86.Build.0 = Debug|Win32
		{E472C5B3-8EC3-462F-B53B-DAC6E44143CC}.Release|x64.ActiveCfg = Release|x64
		{E472C5B3-8EC3-462F-B53B-DAC6E44143CC}.Release|x64.Build.0 = Release|x64
		{E472C5B3-8EC3-462F-B53B-DAC6E44143CC}.Release|x86.ActiveCfg = Release|Win32
		{E472C5B3-8EC3-462F-B53B-DAC6E44143CC}.Release|x86.Build.0 = Release|Win32
	EndGlobalSection
	GlobalSection(SolutionProperties) = preSolution
		HideSolutionNode = FALSE
	EndGlobalSection
	GlobalSection(ExtensibilityGlobals) = postSolution
		SolutionGuid = {F6CC5F6B-4B9E-49F9-B464-060CF0F363F1}
	EndGlobalSection
EndGlobal
